
Microsoft Visual Studio Solution File, Format Version 12.00
# Visual Studio Version 17
VisualStudioVersion = 17.5.002.0
MinimumVisualStudioVersion = 10.0.40219.1
Project("{9A19103F-16F7-4668-BE54-9A1E7A4F7556}") = "csharp", "csharp.csproj", "{2953DE59-0738-4AAE-95E7-EA07DDD31E69}"
EndProject
Global
	GlobalSection(SolutionConfigurationPlatforms) = preSolution
		Debug|Any CPU = Debug|Any CPU
		Release|Any CPU = Release|Any CPU
	EndGlobalSection
	GlobalSection(ProjectConfigurationPlatforms) = postSolution
		{2953DE59-0738-4AAE-95E7-EA07DDD31E69}.Debug|Any CPU.ActiveCfg = Debug|Any CPU
		{2953DE59-0738-4AAE-95E7-EA07DDD31E69}.Debug|Any CPU.Build.0 = Debug|Any CPU
		{2953DE59-0738-4AAE-95E7-EA07DDD31E69}.Release|Any CPU.ActiveCfg = Release|Any CPU
		{2953DE59-0738-4AAE-95E7-EA07DDD31E69}.Release|Any CPU.Build.0 = Release|Any CPU
	EndGlobalSection
	GlobalSection(SolutionProperties) = preSolution
		HideSolutionNode = FALSE
	EndGlobalSection
	GlobalSection(ExtensibilityGlobals) = postSolution
		SolutionGuid = {5818C83C-23D7-44C3-9842-86E7C668A20E}
	EndGlobalSection
EndGlobal
